
Microsoft Visual Studio Solution File, Format Version 12.00
# Visual Studio Version 16
VisualStudioVersion = 16.0.33027.164
MinimumVisualStudioVersion = 10.0.40219.1
Project("{8BC9CEB8-8B4A-11D0-8D11-00A0C91BC942}") = "DllPayload", "DllPayload\DllPayload.vcxproj", "{951B9A21-AF47-4592-A084-C1E3D719B14A}"
EndProject
Global
	GlobalSection(SolutionConfigurationPlatforms) = preSolution
		Debug|x64 = Debug|x64
		Debug|x86 = Debug|x86
		Release|x64 = Release|x64
		Release|x86 = Release|x86
	EndGlobalSection
	GlobalSection(ProjectConfigurationPlatforms) = postSolution
		{951B9A21-AF47-4592-A084-C1E3D719B14A}.Debug|x64.ActiveCfg = Debug|x64
		{951B9A21-AF47-4592-A084-C1E3D719B14A}.Debug|x64.Build.0 = Debug|x64
		{951B9A21-AF47-4592-A084-C1E3D719B14A}.Debug|x86.ActiveCfg = Debug|Win32
		{951B9A21-AF47-4592-A084-C1E3D719B14A}.Debug|x86.Build.0 = Debug|Win32
		{951B9A21-AF47-4592-A084-C1E3D719B14A}.Release|x64.ActiveCfg = Release|x64
		{951B9A21-AF47-4592-A084-C1E3D719B14A}.Release|x64.Build.0 = Release|x64
		{951B9A21-AF47-4592-A084-C1E3D719B14A}.Release|x86.ActiveCfg = Release|Win32
		{951B9A21-AF47-4592-A084-C1E3D719B14A}.Release|x86.Build.0 = Release|Win32
	EndGlobalSection
	GlobalSection(SolutionProperties) = preSolution
		HideSolutionNode = FALSE
	EndGlobalSection
	GlobalSection(ExtensibilityGlobals) = postSolution
		SolutionGuid = {5C7979B5-4812-45D4-9D8A-0127E9EED51F}
	EndGlobalSection
EndGlobal
