
Microsoft Visual Studio Solution File, Format Version 12.00
# Visual Studio Version 16
VisualStudioVersion = 16.0.33027.164
MinimumVisualStudioVersion = 10.0.40219.1
Project("{FAE04EC0-301F-11D3-BF4B-00C04F79EFBC}") = "PrivEsc", "PrivEsc\PrivEsc.csproj", "{EACD3FD4-274F-4B5D-B824-4E259C2C25BB}"
EndProject
Global
	GlobalSection(SolutionConfigurationPlatforms) = preSolution
		Debug|Any CPU = Debug|Any CPU
		Release|Any CPU = Release|Any CPU
	EndGlobalSection
	GlobalSection(ProjectConfigurationPlatforms) = postSolution
		{EACD3FD4-274F-4B5D-B824-4E259C2C25BB}.Debug|Any CPU.ActiveCfg = Debug|Any CPU
		{EACD3FD4-274F-4B5D-B824-4E259C2C25BB}.Debug|Any CPU.Build.0 = Debug|Any CPU
		{EACD3FD4-274F-4B5D-B824-4E259C2C25BB}.Release|Any CPU.ActiveCfg = Release|Any CPU
		{EACD3FD4-274F-4B5D-B824-4E259C2C25BB}.Release|Any CPU.Build.0 = Release|Any CPU
	EndGlobalSection
	GlobalSection(SolutionProperties) = preSolution
		HideSolutionNode = FALSE
	EndGlobalSection
	GlobalSection(ExtensibilityGlobals) = postSolution
		SolutionGuid = {3BD01123-FBD4-411E-B7BA-B983125EA830}
	EndGlobalSection
EndGlobal
